
Microsoft Visual Studio Solution File, Format Version 12.00
# Visual Studio 2013
VisualStudioVersion = 12.0.31101.0
MinimumVisualStudioVersion = 10.0.40219.1
Project("{FAE04EC0-301F-11D3-BF4B-00C04F79EFBC}") = "VideoStore.DAL", "VideoStore.DAL\VideoStore.DAL.csproj", "{C830804B-FE81-44B6-90E2-8E02AB544FDD}"
EndProject
Project("{FAE04EC0-301F-11D3-BF4B-00C04F79EFBC}") = "VideoStore.Repository", "VideoStore.Repository\VideoStore.Repository.csproj", "{C1FAB81E-DF8F-49AA-8EE4-2DAC1D9EC1A7}"
EndProject
Project("{FAE04EC0-301F-11D3-BF4B-00C04F79EFBC}") = "VideoStore.Models", "VideoStore.Models\VideoStore.Models.csproj", "{683B503A-A37A-4D2E-9338-69EE185A6A76}"
EndProject
Project("{FAE04EC0-301F-11D3-BF4B-00C04F79EFBC}") = "VideoStore.Services", "VideoStore.Services\VideoStore.Services.csproj", "{D1407441-C86D-41EC-90A2-408177BAF644}"
EndProject
Project("{FAE04EC0-301F-11D3-BF4B-00C04F79EFBC}") = "VideoStore.Web", "VideoStore.Web\VideoStore.Web.csproj", "{BBD91D53-50BE-4749-99E4-17528884EA2D}"
EndProject
Project("{FAE04EC0-301F-11D3-BF4B-00C04F79EFBC}") = "VideoStore.Repository.Common", "VideoStore.Repository.Common\VideoStore.Repository.Common.csproj", "{E500D344-942F-4001-BAA5-45FDDA470273}"
EndProject
Project("{FAE04EC0-301F-11D3-BF4B-00C04F79EFBC}") = "VideoStore.Models.Common", "VideoStore.Models.Common\VideoStore.Models.Common.csproj", "{FA23EBE8-BD97-4416-ADA0-5D2A12DA9FB6}"
EndProject
Global
	GlobalSection(SolutionConfigurationPlatforms) = preSolution
		Debug|Any CPU = Debug|Any CPU
		Release|Any CPU = Release|Any CPU
	EndGlobalSection
	GlobalSection(ProjectConfigurationPlatforms) = postSolution
		{C830804B-FE81-44B6-90E2-8E02AB544FDD}.Debug|Any CPU.ActiveCfg = Debug|Any CPU
		{C830804B-FE81-44B6-90E2-8E02AB544FDD}.Debug|Any CPU.Build.0 = Debug|Any CPU
		{C830804B-FE81-44B6-90E2-8E02AB544FDD}.Release|Any CPU.ActiveCfg = Release|Any CPU
		{C830804B-FE81-44B6-90E2-8E02AB544FDD}.Release|Any CPU.Build.0 = Release|Any CPU
		{C1FAB81E-DF8F-49AA-8EE4-2DAC1D9EC1A7}.Debug|Any CPU.ActiveCfg = Debug|Any CPU
		{C1FAB81E-DF8F-49AA-8EE4-2DAC1D9EC1A7}.Debug|Any CPU.Build.0 = Debug|Any CPU
		{C1FAB81E-DF8F-49AA-8EE4-2DAC1D9EC1A7}.Release|Any CPU.ActiveCfg = Release|Any CPU
		{C1FAB81E-DF8F-49AA-8EE4-2DAC1D9EC1A7}.Release|Any CPU.Build.0 = Release|Any CPU
		{683B503A-A37A-4D2E-9338-69EE185A6A76}.Debug|Any CPU.ActiveCfg = Debug|Any CPU
		{683B503A-A37A-4D2E-9338-69EE185A6A76}.Debug|Any CPU.Build.0 = Debug|Any CPU
		{683B503A-A37A-4D2E-9338-69EE185A6A76}.Release|Any CPU.ActiveCfg = Release|Any CPU
		{683B503A-A37A-4D2E-9338-69EE185A6A76}.Release|Any CPU.Build.0 = Release|Any CPU
		{D1407441-C86D-41EC-90A2-408177BAF644}.Debug|Any CPU.ActiveCfg = Debug|Any CPU
		{D1407441-C86D-41EC-90A2-408177BAF644}.Debug|Any CPU.Build.0 = Debug|Any CPU
		{D1407441-C86D-41EC-90A2-408177BAF644}.Release|Any CPU.ActiveCfg = Release|Any CPU
		{D1407441-C86D-41EC-90A2-408177BAF644}.Release|Any CPU.Build.0 = Release|Any CPU
		{BBD91D53-50BE-4749-99E4-17528884EA2D}.Debug|Any CPU.ActiveCfg = Debug|Any CPU
		{BBD91D53-50BE-4749-99E4-17528884EA2D}.Debug|Any CPU.Build.0 = Debug|Any CPU
		{BBD91D53-50BE-4749-99E4-17528884EA2D}.Release|Any CPU.ActiveCfg = Release|Any CPU
		{BBD91D53-50BE-4749-99E4-17528884EA2D}.Release|Any CPU.Build.0 = Release|Any CPU
		{E500D344-942F-4001-BAA5-45FDDA470273}.Debug|Any CPU.ActiveCfg = Debug|Any CPU
		{E500D344-942F-4001-BAA5-45FDDA470273}.Debug|Any CPU.Build.0 = Debug|Any CPU
		{E500D344-942F-4001-BAA5-45FDDA470273}.Release|Any CPU.ActiveCfg = Release|Any CPU
		{E500D344-942F-4001-BAA5-45FDDA470273}.Release|Any CPU.Build.0 = Release|Any CPU
		{FA23EBE8-BD97-4416-ADA0-5D2A12DA9FB6}.Debug|Any CPU.ActiveCfg = Debug|Any CPU
		{FA23EBE8-BD97-4416-ADA0-5D2A12DA9FB6}.Debug|Any CPU.Build.0 = Debug|Any CPU
		{FA23EBE8-BD97-4416-ADA0-5D2A12DA9FB6}.Release|Any CPU.ActiveCfg = Release|Any CPU
		{FA23EBE8-BD97-4416-ADA0-5D2A12DA9FB6}.Release|Any CPU.Build.0 = Release|Any CPU
	EndGlobalSection
	GlobalSection(SolutionProperties) = preSolution
		HideSolutionNode = FALSE
	EndGlobalSection
EndGlobal
